
Microsoft Visual Studio Solution File, Format Version 12.00
# Visual Studio 2013
VisualStudioVersion = 12.0.21005.1
MinimumVisualStudioVersion = 10.0.40219.1
Project("{E24C65DC-7377-472B-9ABA-BC803B73C61A}") = "Inventory_Management", "Inventory_Management\", "{8F329E38-59AE-429B-9E78-6339A5356942}"
	ProjectSection(WebsiteProperties) = preProject
		TargetFrameworkMoniker = ".NETFramework,Version%3Dv4.0"
		Debug.AspNetCompiler.VirtualPath = "/Inventory_Management"
		Debug.AspNetCompiler.PhysicalPath = "Inventory_Management\"
		Debug.AspNetCompiler.TargetPath = "PrecompiledWeb\Inventory_Management\"
		Debug.AspNetCompiler.Updateable = "true"
		Debug.AspNetCompiler.ForceOverwrite = "true"
		Debug.AspNetCompiler.FixedNames = "false"
		Debug.AspNetCompiler.Debug = "True"
		Release.AspNetCompiler.VirtualPath = "/Inventory_Management"
		Release.AspNetCompiler.PhysicalPath = "Inventory_Management\"
		Release.AspNetCompiler.TargetPath = "PrecompiledWeb\Inventory_Management\"
		Release.AspNetCompiler.Updateable = "true"
		Release.AspNetCompiler.ForceOverwrite = "true"
		Release.AspNetCompiler.FixedNames = "false"
		Release.AspNetCompiler.Debug = "False"
		VWDPort = "32387"
		SlnRelativePath = "Inventory_Management\"
	EndProjectSection
EndProject
Global
	GlobalSection(SolutionConfigurationPlatforms) = preSolution
		Debug|Any CPU = Debug|Any CPU
		Release|Any CPU = Release|Any CPU
	EndGlobalSection
	GlobalSection(ProjectConfigurationPlatforms) = postSolution
		{8F329E38-59AE-429B-9E78-6339A5356942}.Debug|Any CPU.ActiveCfg = Debug|Any CPU
		{8F329E38-59AE-429B-9E78-6339A5356942}.Debug|Any CPU.Build.0 = Debug|Any CPU
		{8F329E38-59AE-429B-9E78-6339A5356942}.Release|Any CPU.ActiveCfg = Debug|Any CPU
		{8F329E38-59AE-429B-9E78-6339A5356942}.Release|Any CPU.Build.0 = Debug|Any CPU
	EndGlobalSection
	GlobalSection(SolutionProperties) = preSolution
		HideSolutionNode = FALSE
	EndGlobalSection
	GlobalSection(ExtensibilityGlobals) = postSolution
		SolutionGuid = {9E9C404D-E453-4ECB-97A6-FD6677EC6D48}
	EndGlobalSection
EndGlobal
